
Microsoft Visual Studio Solution File, Format Version 12.00
# Visual Studio Version 17
VisualStudioVersion = 17.8.34322.80
MinimumVisualStudioVersion = 10.0.40219.1
Project("{FAE04EC0-301F-11D3-BF4B-00C04F79EFBC}") = "FluentValidation.Json", "src\FluentValidation.Json\FluentValidation.Json.csproj", "{167212EF-5D0C-4337-B194-AAD7ED65E1E8}"
EndProject
Project("{2150E333-8FDC-42A3-9474-1A3956D46DE8}") = "Solution Items", "Solution Items", "{A43FECF3-4814-4A46-9BF3-3D2DB1AE8C9C}"
	ProjectSection(SolutionItems) = preProject
		.gitignore = .gitignore
		Directory.Build.props = Directory.Build.props
		LICENSE = LICENSE
		README.md = README.md
		stylecop.json = stylecop.json
	EndProjectSection
EndProject
Project("{FAE04EC0-301F-11D3-BF4B-00C04F79EFBC}") = "FluentValidation.Json.Tests", "tests\FluentValidation.Json.Tests\FluentValidation.Json.Tests.csproj", "{353E2153-FCBF-4075-BB65-B2B112271E72}"
EndProject
Project("{2150E333-8FDC-42A3-9474-1A3956D46DE8}") = "tests", "tests", "{1A79F106-1CB8-44EA-A384-BFC3409B7B60}"
	ProjectSection(SolutionItems) = preProject
		tests\.editorconfig = tests\.editorconfig
	EndProjectSection
EndProject
Global
	GlobalSection(SolutionConfigurationPlatforms) = preSolution
		Debug|Any CPU = Debug|Any CPU
		Release|Any CPU = Release|Any CPU
	EndGlobalSection
	GlobalSection(ProjectConfigurationPlatforms) = postSolution
		{167212EF-5D0C-4337-B194-AAD7ED65E1E8}.Debug|Any CPU.ActiveCfg = Debug|Any CPU
		{167212EF-5D0C-4337-B194-AAD7ED65E1E8}.Debug|Any CPU.Build.0 = Debug|Any CPU
		{167212EF-5D0C-4337-B194-AAD7ED65E1E8}.Release|Any CPU.ActiveCfg = Release|Any CPU
		{167212EF-5D0C-4337-B194-AAD7ED65E1E8}.Release|Any CPU.Build.0 = Release|Any CPU
		{353E2153-FCBF-4075-BB65-B2B112271E72}.Debug|Any CPU.ActiveCfg = Debug|Any CPU
		{353E2153-FCBF-4075-BB65-B2B112271E72}.Debug|Any CPU.Build.0 = Debug|Any CPU
		{353E2153-FCBF-4075-BB65-B2B112271E72}.Release|Any CPU.ActiveCfg = Release|Any CPU
		{353E2153-FCBF-4075-BB65-B2B112271E72}.Release|Any CPU.Build.0 = Release|Any CPU
	EndGlobalSection
	GlobalSection(SolutionProperties) = preSolution
		HideSolutionNode = FALSE
	EndGlobalSection
	GlobalSection(NestedProjects) = preSolution
		{1A79F106-1CB8-44EA-A384-BFC3409B7B60} = {A43FECF3-4814-4A46-9BF3-3D2DB1AE8C9C}
	EndGlobalSection
	GlobalSection(ExtensibilityGlobals) = postSolution
		SolutionGuid = {05F51EFD-F92A-41C6-9A20-E3F7E6C7829E}
	EndGlobalSection
EndGlobal
